
Microsoft Visual Studio Solution File, Format Version 12.00
# Visual Studio Version 16
VisualStudioVersion = 16.0.30309.148
MinimumVisualStudioVersion = 10.0.40219.1
Project("{9A19103F-16F7-4668-BE54-9A1E7A4F7556}") = "Renderer", "Renderer\Renderer.csproj", "{6A70EF6E-4CC8-4142-AAF7-3AC61C430C4E}"
EndProject
Project("{FAE04EC0-301F-11D3-BF4B-00C04F79EFBC}") = "Test", "Test\Test.csproj", "{B70A80E3-5F40-487A-8DFA-726FC3E58080}"
EndProject
Global
	GlobalSection(SolutionConfigurationPlatforms) = preSolution
		Debug|Any CPU = Debug|Any CPU
		Release|Any CPU = Release|Any CPU
	EndGlobalSection
	GlobalSection(ProjectConfigurationPlatforms) = postSolution
		{6A70EF6E-4CC8-4142-AAF7-3AC61C430C4E}.Debug|Any CPU.ActiveCfg = Debug|Any CPU
		{6A70EF6E-4CC8-4142-AAF7-3AC61C430C4E}.Debug|Any CPU.Build.0 = Debug|Any CPU
		{6A70EF6E-4CC8-4142-AAF7-3AC61C430C4E}.Release|Any CPU.ActiveCfg = Release|Any CPU
		{6A70EF6E-4CC8-4142-AAF7-3AC61C430C4E}.Release|Any CPU.Build.0 = Release|Any CPU
		{B70A80E3-5F40-487A-8DFA-726FC3E58080}.Debug|Any CPU.ActiveCfg = Debug|Any CPU
		{B70A80E3-5F40-487A-8DFA-726FC3E58080}.Debug|Any CPU.Build.0 = Debug|Any CPU
		{B70A80E3-5F40-487A-8DFA-726FC3E58080}.Release|Any CPU.ActiveCfg = Release|Any CPU
		{B70A80E3-5F40-487A-8DFA-726FC3E58080}.Release|Any CPU.Build.0 = Release|Any CPU
	EndGlobalSection
	GlobalSection(SolutionProperties) = preSolution
		HideSolutionNode = FALSE
	EndGlobalSection
	GlobalSection(ExtensibilityGlobals) = postSolution
		SolutionGuid = {7DF5E8C2-AF73-43FA-8C2F-7DB0A4728CE5}
	EndGlobalSection
EndGlobal
